
Microsoft Visual Studio Solution File, Format Version 12.00
# Visual Studio Version 17
VisualStudioVersion = 17.8.34525.116
MinimumVisualStudioVersion = 10.0.40219.1
Project("{FAE04EC0-301F-11D3-BF4B-00C04F79EFBC}") = "LTU ConsoleApp2", "LTU ConsoleApp2.csproj", "{D154FDFB-26B6-452D-A6D4-7507ECAC7F84}"
EndProject
Global
	GlobalSection(SolutionConfigurationPlatforms) = preSolution
		Debug|Any CPU = Debug|Any CPU
		Release|Any CPU = Release|Any CPU
	EndGlobalSection
	GlobalSection(ProjectConfigurationPlatforms) = postSolution
		{D154FDFB-26B6-452D-A6D4-7507ECAC7F84}.Debug|Any CPU.ActiveCfg = Debug|Any CPU
		{D154FDFB-26B6-452D-A6D4-7507ECAC7F84}.Debug|Any CPU.Build.0 = Debug|Any CPU
		{D154FDFB-26B6-452D-A6D4-7507ECAC7F84}.Release|Any CPU.ActiveCfg = Release|Any CPU
		{D154FDFB-26B6-452D-A6D4-7507ECAC7F84}.Release|Any CPU.Build.0 = Release|Any CPU
	EndGlobalSection
	GlobalSection(SolutionProperties) = preSolution
		HideSolutionNode = FALSE
	EndGlobalSection
	GlobalSection(ExtensibilityGlobals) = postSolution
		SolutionGuid = {A01B729E-FB59-46C4-AEBC-971338C3CE7F}
	EndGlobalSection
EndGlobal
